<?xml version="1.0" encoding="utf-8"?>
<Project ToolsVersion="4.0" xmlns="http://schemas.microsoft.com/developer/msbuild/2003">
  <ItemGroup>
    <Filter Include="源文件">
      <UniqueIdentifier>{4FC737F1-C7A5-4376-A066-2A32D752A2FF}</UniqueIdentifier>
      <Extensions>cpp;c;cc;cxx;def;odl;idl;hpj;bat;asm;asmx</Extensions>
    </Filter>
    <Filter Include="头文件">
      <UniqueIdentifier>{93995380-89BD-4b04-88EB-625FBE52EBFB}</UniqueIdentifier>
      <Extensions>h;hh;hpp;hxx;hm;inl;inc;ipp;xsd</Extensions>
    </Filter>
    <Filter Include="资源文件">
      <UniqueIdentifier>{67DA6AB6-F800-4c08-8B7A-83BB121AAD01}</UniqueIdentifier>
      <Extensions>rc;ico;cur;bmp;dlg;rc2;rct;bin;rgs;gif;jpg;jpeg;jpe;resx;tiff;tif;png;wav;mfcribbon-ms</Extensions>
    </Filter>
  </ItemGroup>
  <ItemGroup>
    <ClCompile Include="..\src\BaseFunction\basefunction.cpp">
      <Filter>源文件</Filter>
    </ClCompile>
    <ClCompile Include="..\src\BaseFunction\timesys.cpp">
      <Filter>源文件</Filter>
    </ClCompile>
    <ClCompile Include="..\src\ConfigFile\config.cpp">
      <Filter>源文件</Filter>
    </ClCompile>
    <ClCompile Include="..\src\Decode\decode.cpp">
      <Filter>源文件</Filter>
    </ClCompile>
    <ClCompile Include="..\src\Decode\raw\binex.cpp">
      <Filter>源文件</Filter>
    </ClCompile>
    <ClCompile Include="..\src\Decode\raw\crescent.cpp">
      <Filter>源文件</Filter>
    </ClCompile>
    <ClCompile Include="..\src\Decode\raw\gw10.cpp">
      <Filter>源文件</Filter>
    </ClCompile>
    <ClCompile Include="..\src\Decode\raw\javad.cpp">
      <Filter>源文件</Filter>
    </ClCompile>
    <ClCompile Include="..\src\Decode\raw\novatel.cpp">
      <Filter>源文件</Filter>
    </ClCompile>
    <ClCompile Include="..\src\Decode\raw\nvs.cpp">
      <Filter>源文件</Filter>
    </ClCompile>
    <ClCompile Include="..\src\Decode\raw\septentrio.cpp">
      <Filter>源文件</Filter>
    </ClCompile>
    <ClCompile Include="..\src\Decode\raw\skytraq.cpp">
      <Filter>源文件</Filter>
    </ClCompile>
    <ClCompile Include="..\src\Decode\raw\superstar2.cpp">
      <Filter>源文件</Filter>
    </ClCompile>
    <ClCompile Include="..\src\Decode\raw\trimble17.cpp">
      <Filter>源文件</Filter>
    </ClCompile>
    <ClCompile Include="..\src\Decode\raw\ublox.cpp">
      <Filter>源文件</Filter>
    </ClCompile>
    <ClCompile Include="..\src\Decode\raw.cpp">
      <Filter>源文件</Filter>
    </ClCompile>
    <ClCompile Include="..\src\Decode\rtcm.cpp">
      <Filter>源文件</Filter>
    </ClCompile>
    <ClCompile Include="..\src\GNSS\AmbModel\ambiguity.cpp">
      <Filter>源文件</Filter>
    </ClCompile>
    <ClCompile Include="..\src\GNSS\AntModel\antenna.cpp">
      <Filter>源文件</Filter>
    </ClCompile>
    <ClCompile Include="..\src\GNSS\DataClass\data.cpp">
      <Filter>源文件</Filter>
    </ClCompile>
    <ClCompile Include="..\src\GNSS\DataClass\lexmsg.cpp">
      <Filter>源文件</Filter>
    </ClCompile>
    <ClCompile Include="..\src\GNSS\DataClass\sbsmsg.cpp">
      <Filter>源文件</Filter>
    </ClCompile>
    <ClCompile Include="..\src\GNSS\DataClass\sbssat.cpp">
      <Filter>源文件</Filter>
    </ClCompile>
    <ClCompile Include="..\src\GNSS\EphModel\satellite.cpp">
      <Filter>源文件</Filter>
    </ClCompile>
    <ClCompile Include="..\src\GNSS\IonModel\ionosphere.cpp">
      <Filter>源文件</Filter>
    </ClCompile>
    <ClCompile Include="..\src\GNSS\ParModel\parameter.cpp">
      <Filter>源文件</Filter>
    </ClCompile>
    <ClCompile Include="..\src\GNSS\PosModel\position.cpp">
      <Filter>源文件</Filter>
    </ClCompile>
    <ClCompile Include="..\src\GNSS\PosModel\ppp.cpp">
      <Filter>源文件</Filter>
    </ClCompile>
    <ClCompile Include="..\src\GNSS\PosModel\relative.cpp">
      <Filter>源文件</Filter>
    </ClCompile>
    <ClCompile Include="..\src\GNSS\postpro.cpp">
      <Filter>源文件</Filter>
    </ClCompile>
    <ClCompile Include="..\src\GNSS\TidModel\tide.cpp">
      <Filter>源文件</Filter>
    </ClCompile>
    <ClCompile Include="..\src\GNSS\TroModel\troposphere.cpp">
      <Filter>源文件</Filter>
    </ClCompile>
    <ClCompile Include="..\src\RtkStream\stream.cpp">
      <Filter>源文件</Filter>
    </ClCompile>
    <ClCompile Include="..\src\RtkStream\streamsg.cpp">
      <Filter>源文件</Filter>
    </ClCompile>
    <ClCompile Include="..\src\postmain.cpp">
      <Filter>源文件</Filter>
    </ClCompile>
    <ClCompile Include="..\src\Decode\raw\cmr.cpp">
      <Filter>源文件</Filter>
    </ClCompile>
    <ClCompile Include="..\src\Adjustment\adjustment.cpp">
      <Filter>源文件</Filter>
    </ClCompile>
    <ClCompile Include="..\src\InputFile\inputfile.cpp">
      <Filter>源文件</Filter>
    </ClCompile>
    <ClCompile Include="..\src\GNSS\gnss_pro.cpp">
      <Filter>源文件</Filter>
    </ClCompile>
  </ItemGroup>
  <ItemGroup>
    <ClInclude Include="..\src\BaseFunction\basefunction.h">
      <Filter>头文件</Filter>
    </ClInclude>
    <ClInclude Include="..\src\BaseFunction\timesys.h">
      <Filter>头文件</Filter>
    </ClInclude>
    <ClInclude Include="..\src\ConfigFile\config.h">
      <Filter>头文件</Filter>
    </ClInclude>
    <ClInclude Include="..\src\Decode\decode.h">
      <Filter>头文件</Filter>
    </ClInclude>
    <ClInclude Include="..\src\Decode\raw\binex.h">
      <Filter>头文件</Filter>
    </ClInclude>
    <ClInclude Include="..\src\Decode\raw\cmr.h">
      <Filter>头文件</Filter>
    </ClInclude>
    <ClInclude Include="..\src\Decode\raw\crescent.h">
      <Filter>头文件</Filter>
    </ClInclude>
    <ClInclude Include="..\src\Decode\raw\gw10.h">
      <Filter>头文件</Filter>
    </ClInclude>
    <ClInclude Include="..\src\Decode\raw\javad.h">
      <Filter>头文件</Filter>
    </ClInclude>
    <ClInclude Include="..\src\Decode\raw\novatel.h">
      <Filter>头文件</Filter>
    </ClInclude>
    <ClInclude Include="..\src\Decode\raw\nvs.h">
      <Filter>头文件</Filter>
    </ClInclude>
    <ClInclude Include="..\src\Decode\raw\septentrio.h">
      <Filter>头文件</Filter>
    </ClInclude>
    <ClInclude Include="..\src\Decode\raw\skytraq.h">
      <Filter>头文件</Filter>
    </ClInclude>
    <ClInclude Include="..\src\Decode\raw\superstar2.h">
      <Filter>头文件</Filter>
    </ClInclude>
    <ClInclude Include="..\src\Decode\raw\trimble17.h">
      <Filter>头文件</Filter>
    </ClInclude>
    <ClInclude Include="..\src\Decode\raw\ublox.h">
      <Filter>头文件</Filter>
    </ClInclude>
    <ClInclude Include="..\src\Decode\raw.h">
      <Filter>头文件</Filter>
    </ClInclude>
    <ClInclude Include="..\src\Decode\rtcm.h">
      <Filter>头文件</Filter>
    </ClInclude>
    <ClInclude Include="..\src\GNSS\AmbModel\ambiguity.h">
      <Filter>头文件</Filter>
    </ClInclude>
    <ClInclude Include="..\src\GNSS\AntModel\antenna.h">
      <Filter>头文件</Filter>
    </ClInclude>
    <ClInclude Include="..\src\GNSS\DataClass\data.h">
      <Filter>头文件</Filter>
    </ClInclude>
    <ClInclude Include="..\src\GNSS\EphModel\satellite.h">
      <Filter>头文件</Filter>
    </ClInclude>
    <ClInclude Include="..\src\GNSS\IonModel\ionosphere.h">
      <Filter>头文件</Filter>
    </ClInclude>
    <ClInclude Include="..\src\GNSS\ParModel\parameter.h">
      <Filter>头文件</Filter>
    </ClInclude>
    <ClInclude Include="..\src\GNSS\PosModel\position.h">
      <Filter>头文件</Filter>
    </ClInclude>
    <ClInclude Include="..\src\GNSS\TidModel\tide.h">
      <Filter>头文件</Filter>
    </ClInclude>
    <ClInclude Include="..\src\GNSS\TroModel\troposphere.h">
      <Filter>头文件</Filter>
    </ClInclude>
    <ClInclude Include="..\src\RtkStream\stream.h">
      <Filter>头文件</Filter>
    </ClInclude>
    <ClInclude Include="..\src\Adjustment\adjustment.h">
      <Filter>头文件</Filter>
    </ClInclude>
    <ClInclude Include="..\src\gnssnav_lib.h">
      <Filter>头文件</Filter>
    </ClInclude>
    <ClInclude Include="..\src\InputFile\inputfile.h">
      <Filter>头文件</Filter>
    </ClInclude>
    <ClInclude Include="..\src\gnssnav_const.h">
      <Filter>头文件</Filter>
    </ClInclude>
    <ClInclude Include="..\src\GNSS\gnss_pro.h">
      <Filter>头文件</Filter>
    </ClInclude>
  </ItemGroup>
</Project>